// !$*UTF8*$!
{
	archiveVersion = 1;
	classes = {
	};
	objectVersion = 56;
	objects = {

/* Begin PBXBuildFile section */
		2224E1B72C75DC2B0099C855 /* StringExtension.swift in Sources */ = {isa = PBXBuildFile; fileRef = 2224E1B62C75DC2B0099C855 /* StringExtension.swift */; };
		222BDF962C6DE92200638D4A /* NewsView.swift in Sources */ = {isa = PBXBuildFile; fileRef = 222BDF952C6DE92100638D4A /* NewsView.swift */; };
		223909802C6E3BF600B4DCFE /* LICENSE.txt in Resources */ = {isa = PBXBuildFile; fileRef = 2239097F2C6E3BF600B4DCFE /* LICENSE.txt */; };
		2251FD762C9E8A6B0005714E /* Logger.swift in Sources */ = {isa = PBXBuildFile; fileRef = 2251FD752C9E8A6B0005714E /* Logger.swift */; };
		226D18ED2C7351D80066495A /* Localizable.strings in Resources */ = {isa = PBXBuildFile; fileRef = 226D18EB2C7351D80066495A /* Localizable.strings */; };
		22B1DCA22C9FEEC100E1019F /* EventSheetView.swift in Sources */ = {isa = PBXBuildFile; fileRef = 22B1DCA12C9FEEC100E1019F /* EventSheetView.swift */; };
		22B817842C7F5A200085D27B /* CalendarModel.swift in Sources */ = {isa = PBXBuildFile; fileRef = 22B817832C7F5A200085D27B /* CalendarModel.swift */; };
		22D1BDE52C667A34006AD6D8 /* PrivateTalkAppApp.swift in Sources */ = {isa = PBXBuildFile; fileRef = 22D1BDE42C667A34006AD6D8 /* PrivateTalkAppApp.swift */; };
		22D1BDE72C667A34006AD6D8 /* TabBarView.swift in Sources */ = {isa = PBXBuildFile; fileRef = 22D1BDE62C667A34006AD6D8 /* TabBarView.swift */; };
		22D1BDE92C667A36006AD6D8 /* Assets.xcassets in Resources */ = {isa = PBXBuildFile; fileRef = 22D1BDE82C667A36006AD6D8 /* Assets.xcassets */; };
		22D1BDEC2C667A36006AD6D8 /* Preview Assets.xcassets in Resources */ = {isa = PBXBuildFile; fileRef = 22D1BDEB2C667A36006AD6D8 /* Preview Assets.xcassets */; };
		22D1BDF52C667BA3006AD6D8 /* Tab.swift in Sources */ = {isa = PBXBuildFile; fileRef = 22D1BDF42C667BA3006AD6D8 /* Tab.swift */; };
		22D1BDF92C667D08006AD6D8 /* HomeView.swift in Sources */ = {isa = PBXBuildFile; fileRef = 22D1BDF82C667D08006AD6D8 /* HomeView.swift */; };
		22D1BDFD2C667D5B006AD6D8 /* TalkView.swift in Sources */ = {isa = PBXBuildFile; fileRef = 22D1BDFC2C667D5B006AD6D8 /* TalkView.swift */; };
		22D1BE012C667D80006AD6D8 /* SettingView.swift in Sources */ = {isa = PBXBuildFile; fileRef = 22D1BE002C667D80006AD6D8 /* SettingView.swift */; };
		22D1BE042C667DFF006AD6D8 /* Colors.xcassets in Resources */ = {isa = PBXBuildFile; fileRef = 22D1BE032C667DFF006AD6D8 /* Colors.xcassets */; };
		22E19FF02C6F517700C4051F /* CalendarView.swift in Sources */ = {isa = PBXBuildFile; fileRef = 22E19FEF2C6F517700C4051F /* CalendarView.swift */; };
		22EBB41B2C76DC8500AB7019 /* CalendarViewModel.swift in Sources */ = {isa = PBXBuildFile; fileRef = 22EBB41A2C76DC8500AB7019 /* CalendarViewModel.swift */; };
		22EBB41D2C772B2D00AB7019 /* DateUtilities.swift in Sources */ = {isa = PBXBuildFile; fileRef = 22EBB41C2C772B2D00AB7019 /* DateUtilities.swift */; };
		22EDDC812C7D942400750F2A /* NetworkService.swift in Sources */ = {isa = PBXBuildFile; fileRef = 22EDDC802C7D942400750F2A /* NetworkService.swift */; };
		22EDDC862C7DD6C400750F2A /* WorldTimeRepository.swift in Sources */ = {isa = PBXBuildFile; fileRef = 22EDDC852C7DD6C400750F2A /* WorldTimeRepository.swift */; };
		22EDDC882C7DEE3800750F2A /* WorldTimeResponse.swift in Sources */ = {isa = PBXBuildFile; fileRef = 22EDDC872C7DEE3800750F2A /* WorldTimeResponse.swift */; };
		22EDDC8F2C7DFDE300750F2A /* WorldTimeService.swift in Sources */ = {isa = PBXBuildFile; fileRef = 22EDDC8E2C7DFDE300750F2A /* WorldTimeService.swift */; };
		8EF16EB3B4B8B382C18D95F4 /* Pods_PrivateTalkApp.framework in Frameworks */ = {isa = PBXBuildFile; fileRef = 9AFCA3F4449B6E8A53D87804 /* Pods_PrivateTalkApp.framework */; };
/* End PBXBuildFile section */

/* Begin PBXFileReference section */
		2224E1B62C75DC2B0099C855 /* StringExtension.swift */ = {isa = PBXFileReference; lastKnownFileType = sourcecode.swift; path = StringExtension.swift; sourceTree = "<group>"; };
		222BDF952C6DE92100638D4A /* NewsView.swift */ = {isa = PBXFileReference; lastKnownFileType = sourcecode.swift; path = NewsView.swift; sourceTree = "<group>"; };
		2239097F2C6E3BF600B4DCFE /* LICENSE.txt */ = {isa = PBXFileReference; fileEncoding = 4; lastKnownFileType = text; path = LICENSE.txt; sourceTree = "<group>"; };
		2251FD752C9E8A6B0005714E /* Logger.swift */ = {isa = PBXFileReference; lastKnownFileType = sourcecode.swift; path = Logger.swift; sourceTree = "<group>"; };
		226D18EC2C7351D80066495A /* en */ = {isa = PBXFileReference; lastKnownFileType = text.plist.strings; name = en; path = en.lproj/Localizable.strings; sourceTree = "<group>"; };
		226D18EE2C7351DE0066495A /* ja */ = {isa = PBXFileReference; lastKnownFileType = text.plist.strings; name = ja; path = ja.lproj/Localizable.strings; sourceTree = "<group>"; };
		22B1DCA12C9FEEC100E1019F /* EventSheetView.swift */ = {isa = PBXFileReference; lastKnownFileType = sourcecode.swift; path = EventSheetView.swift; sourceTree = "<group>"; };
		22B817832C7F5A200085D27B /* CalendarModel.swift */ = {isa = PBXFileReference; lastKnownFileType = sourcecode.swift; path = CalendarModel.swift; sourceTree = "<group>"; };
		22D1BDE12C667A34006AD6D8 /* PrivateTalkApp.app */ = {isa = PBXFileReference; explicitFileType = wrapper.application; includeInIndex = 0; path = PrivateTalkApp.app; sourceTree = BUILT_PRODUCTS_DIR; };
		22D1BDE42C667A34006AD6D8 /* PrivateTalkAppApp.swift */ = {isa = PBXFileReference; lastKnownFileType = sourcecode.swift; path = PrivateTalkAppApp.swift; sourceTree = "<group>"; };
		22D1BDE62C667A34006AD6D8 /* TabBarView.swift */ = {isa = PBXFileReference; lastKnownFileType = sourcecode.swift; path = TabBarView.swift; sourceTree = "<group>"; };
		22D1BDE82C667A36006AD6D8 /* Assets.xcassets */ = {isa = PBXFileReference; lastKnownFileType = folder.assetcatalog; path = Assets.xcassets; sourceTree = "<group>"; };
		22D1BDEB2C667A36006AD6D8 /* Preview Assets.xcassets */ = {isa = PBXFileReference; lastKnownFileType = folder.assetcatalog; path = "Preview Assets.xcassets"; sourceTree = "<group>"; };
		22D1BDF42C667BA3006AD6D8 /* Tab.swift */ = {isa = PBXFileReference; lastKnownFileType = sourcecode.swift; path = Tab.swift; sourceTree = "<group>"; };
		22D1BDF82C667D08006AD6D8 /* HomeView.swift */ = {isa = PBXFileReference; lastKnownFileType = sourcecode.swift; path = HomeView.swift; sourceTree = "<group>"; };
		22D1BDFC2C667D5B006AD6D8 /* TalkView.swift */ = {isa = PBXFileReference; lastKnownFileType = sourcecode.swift; path = TalkView.swift; sourceTree = "<group>"; };
		22D1BE002C667D80006AD6D8 /* SettingView.swift */ = {isa = PBXFileReference; lastKnownFileType = sourcecode.swift; path = SettingView.swift; sourceTree = "<group>"; };
		22D1BE032C667DFF006AD6D8 /* Colors.xcassets */ = {isa = PBXFileReference; lastKnownFileType = folder.assetcatalog; path = Colors.xcassets; sourceTree = "<group>"; };
		22E19FED2C6F44D600C4051F /* Entitlements.plist */ = {isa = PBXFileReference; lastKnownFileType = text.plist.xml; path = Entitlements.plist; sourceTree = "<group>"; };
		22E19FEF2C6F517700C4051F /* CalendarView.swift */ = {isa = PBXFileReference; lastKnownFileType = sourcecode.swift; path = CalendarView.swift; sourceTree = "<group>"; };
		22EBB41A2C76DC8500AB7019 /* CalendarViewModel.swift */ = {isa = PBXFileReference; lastKnownFileType = sourcecode.swift; path = CalendarViewModel.swift; sourceTree = "<group>"; };
		22EBB41C2C772B2D00AB7019 /* DateUtilities.swift */ = {isa = PBXFileReference; lastKnownFileType = sourcecode.swift; path = DateUtilities.swift; sourceTree = "<group>"; };
		22EDDC802C7D942400750F2A /* NetworkService.swift */ = {isa = PBXFileReference; lastKnownFileType = sourcecode.swift; path = NetworkService.swift; sourceTree = "<group>"; };
		22EDDC852C7DD6C400750F2A /* WorldTimeRepository.swift */ = {isa = PBXFileReference; lastKnownFileType = sourcecode.swift; path = WorldTimeRepository.swift; sourceTree = "<group>"; };
		22EDDC872C7DEE3800750F2A /* WorldTimeResponse.swift */ = {isa = PBXFileReference; lastKnownFileType = sourcecode.swift; path = WorldTimeResponse.swift; sourceTree = "<group>"; };
		22EDDC8E2C7DFDE300750F2A /* WorldTimeService.swift */ = {isa = PBXFileReference; lastKnownFileType = sourcecode.swift; path = WorldTimeService.swift; sourceTree = "<group>"; };
		68DA4C6266FB7A8600959865 /* Pods-PrivateTalkApp.debug.xcconfig */ = {isa = PBXFileReference; includeInIndex = 1; lastKnownFileType = text.xcconfig; name = "Pods-PrivateTalkApp.debug.xcconfig"; path = "Target Support Files/Pods-PrivateTalkApp/Pods-PrivateTalkApp.debug.xcconfig"; sourceTree = "<group>"; };
		760FEC05D04C75F691B1D513 /* Pods-PrivateTalkApp.release.xcconfig */ = {isa = PBXFileReference; includeInIndex = 1; lastKnownFileType = text.xcconfig; name = "Pods-PrivateTalkApp.release.xcconfig"; path = "Target Support Files/Pods-PrivateTalkApp/Pods-PrivateTalkApp.release.xcconfig"; sourceTree = "<group>"; };
		9AFCA3F4449B6E8A53D87804 /* Pods_PrivateTalkApp.framework */ = {isa = PBXFileReference; explicitFileType = wrapper.framework; includeInIndex = 0; path = Pods_PrivateTalkApp.framework; sourceTree = BUILT_PRODUCTS_DIR; };
/* End PBXFileReference section */

/* Begin PBXFrameworksBuildPhase section */
		22D1BDDE2C667A34006AD6D8 /* Frameworks */ = {
			isa = PBXFrameworksBuildPhase;
			buildActionMask = 2147483647;
			files = (
				8EF16EB3B4B8B382C18D95F4 /* Pods_PrivateTalkApp.framework in Frameworks */,
			);
			runOnlyForDeploymentPostprocessing = 0;
		};
/* End PBXFrameworksBuildPhase section */

/* Begin PBXGroup section */
		2224E1B42C75DB580099C855 /* Common */ = {
			isa = PBXGroup;
			children = (
				223EC3922C9D06470028187C /* Utilities */,
				2224E1B52C75DB810099C855 /* Extensions */,
				22EDDC7F2C7D876600750F2A /* Data Sources */,
				22EDDC842C7DD39F00750F2A /* Repositorys */,
				22EDDC8D2C7DFBD500750F2A /* Services */,
			);
			path = Common;
			sourceTree = "<group>";
		};
		2224E1B52C75DB810099C855 /* Extensions */ = {
			isa = PBXGroup;
			children = (
				2224E1B62C75DC2B0099C855 /* StringExtension.swift */,
			);
			path = Extensions;
			sourceTree = "<group>";
		};
		222BDF932C6DE8FC00638D4A /* News */ = {
			isa = PBXGroup;
			children = (
				222BDF942C6DE90A00638D4A /* View */,
			);
			path = News;
			sourceTree = "<group>";
		};
		222BDF942C6DE90A00638D4A /* View */ = {
			isa = PBXGroup;
			children = (
				222BDF952C6DE92100638D4A /* NewsView.swift */,
			);
			path = View;
			sourceTree = "<group>";
		};
		2239097E2C6E3BBC00B4DCFE /* License */ = {
			isa = PBXGroup;
			children = (
				2239097F2C6E3BF600B4DCFE /* LICENSE.txt */,
			);
			path = License;
			sourceTree = "<group>";
		};
		223EC3922C9D06470028187C /* Utilities */ = {
			isa = PBXGroup;
			children = (
				22EBB41C2C772B2D00AB7019 /* DateUtilities.swift */,
				2251FD752C9E8A6B0005714E /* Logger.swift */,
			);
			path = Utilities;
			sourceTree = "<group>";
		};
		22D1BDD82C667A34006AD6D8 = {
			isa = PBXGroup;
			children = (
				22D1BDE32C667A34006AD6D8 /* PrivateTalkApp */,
				22D1BDE22C667A34006AD6D8 /* Products */,
				94783472EB47F1D3F80B0830 /* Pods */,
				B5B052C34F685F0D0E5B3924 /* Frameworks */,
				2239097E2C6E3BBC00B4DCFE /* License */,
				22E19FEC2C6F449700C4051F /* Supporting Files */,
			);
			sourceTree = "<group>";
		};
		22D1BDE22C667A34006AD6D8 /* Products */ = {
			isa = PBXGroup;
			children = (
				22D1BDE12C667A34006AD6D8 /* PrivateTalkApp.app */,
			);
			name = Products;
			sourceTree = "<group>";
		};
		22D1BDE32C667A34006AD6D8 /* PrivateTalkApp */ = {
			isa = PBXGroup;
			children = (
				22D1BDE42C667A34006AD6D8 /* PrivateTalkAppApp.swift */,
				22D1BDF22C667B81006AD6D8 /* MainTab */,
				22D1BDF62C667CA7006AD6D8 /* Home */,
				22D1BDFA2C667D43006AD6D8 /* Talk */,
				222BDF932C6DE8FC00638D4A /* News */,
				22D1BDFE2C667D6B006AD6D8 /* Setting */,
				22D1BE022C667D94006AD6D8 /* Resources */,
				22D1BDEA2C667A36006AD6D8 /* Preview Content */,
				2224E1B42C75DB580099C855 /* Common */,
			);
			path = PrivateTalkApp;
			sourceTree = "<group>";
		};
		22D1BDEA2C667A36006AD6D8 /* Preview Content */ = {
			isa = PBXGroup;
			children = (
				22D1BDEB2C667A36006AD6D8 /* Preview Assets.xcassets */,
			);
			path = "Preview Content";
			sourceTree = "<group>";
		};
		22D1BDF22C667B81006AD6D8 /* MainTab */ = {
			isa = PBXGroup;
			children = (
				22D1BDF32C667B8D006AD6D8 /* View */,
			);
			path = MainTab;
			sourceTree = "<group>";
		};
		22D1BDF32C667B8D006AD6D8 /* View */ = {
			isa = PBXGroup;
			children = (
				22D1BDE62C667A34006AD6D8 /* TabBarView.swift */,
				22D1BDF42C667BA3006AD6D8 /* Tab.swift */,
			);
			path = View;
			sourceTree = "<group>";
		};
		22D1BDF62C667CA7006AD6D8 /* Home */ = {
			isa = PBXGroup;
			children = (
				22EDDC832C7DD37900750F2A /* Model */,
				22EBB4192C76DC5500AB7019 /* ViewModel */,
				22D1BDF72C667CB4006AD6D8 /* View */,
			);
			path = Home;
			sourceTree = "<group>";
		};
		22D1BDF72C667CB4006AD6D8 /* View */ = {
			isa = PBXGroup;
			children = (
				22D1BDF82C667D08006AD6D8 /* HomeView.swift */,
				22E19FEF2C6F517700C4051F /* CalendarView.swift */,
				22B1DCA12C9FEEC100E1019F /* EventSheetView.swift */,
			);
			path = View;
			sourceTree = "<group>";
		};
		22D1BDFA2C667D43006AD6D8 /* Talk */ = {
			isa = PBXGroup;
			children = (
				22D1BDFB2C667D4E006AD6D8 /* View */,
			);
			path = Talk;
			sourceTree = "<group>";
		};
		22D1BDFB2C667D4E006AD6D8 /* View */ = {
			isa = PBXGroup;
			children = (
				22D1BDFC2C667D5B006AD6D8 /* TalkView.swift */,
			);
			path = View;
			sourceTree = "<group>";
		};
		22D1BDFE2C667D6B006AD6D8 /* Setting */ = {
			isa = PBXGroup;
			children = (
				22D1BDFF2C667D75006AD6D8 /* View */,
			);
			path = Setting;
			sourceTree = "<group>";
		};
		22D1BDFF2C667D75006AD6D8 /* View */ = {
			isa = PBXGroup;
			children = (
				22D1BE002C667D80006AD6D8 /* SettingView.swift */,
			);
			path = View;
			sourceTree = "<group>";
		};
		22D1BE022C667D94006AD6D8 /* Resources */ = {
			isa = PBXGroup;
			children = (
				22D1BDE82C667A36006AD6D8 /* Assets.xcassets */,
				22D1BE032C667DFF006AD6D8 /* Colors.xcassets */,
				226D18EB2C7351D80066495A /* Localizable.strings */,
			);
			path = Resources;
			sourceTree = "<group>";
		};
		22E19FEC2C6F449700C4051F /* Supporting Files */ = {
			isa = PBXGroup;
			children = (
				22E19FED2C6F44D600C4051F /* Entitlements.plist */,
			);
			path = "Supporting Files";
			sourceTree = "<group>";
		};
		22EBB4192C76DC5500AB7019 /* ViewModel */ = {
			isa = PBXGroup;
			children = (
				22EBB41A2C76DC8500AB7019 /* CalendarViewModel.swift */,
			);
			path = ViewModel;
			sourceTree = "<group>";
		};
		22EDDC7F2C7D876600750F2A /* Data Sources */ = {
			isa = PBXGroup;
			children = (
				22EDDC802C7D942400750F2A /* NetworkService.swift */,
			);
			path = "Data Sources";
			sourceTree = "<group>";
		};
		22EDDC832C7DD37900750F2A /* Model */ = {
			isa = PBXGroup;
			children = (
				22B817832C7F5A200085D27B /* CalendarModel.swift */,
			);
			path = Model;
			sourceTree = "<group>";
		};
		22EDDC842C7DD39F00750F2A /* Repositorys */ = {
			isa = PBXGroup;
			children = (
				22EDDC852C7DD6C400750F2A /* WorldTimeRepository.swift */,
				22EDDC892C7DF53E00750F2A /* ResponseBodys */,
			);
			path = Repositorys;
			sourceTree = "<group>";
		};
		22EDDC892C7DF53E00750F2A /* ResponseBodys */ = {
			isa = PBXGroup;
			children = (
				22EDDC872C7DEE3800750F2A /* WorldTimeResponse.swift */,
			);
			path = ResponseBodys;
			sourceTree = "<group>";
		};
		22EDDC8D2C7DFBD500750F2A /* Services */ = {
			isa = PBXGroup;
			children = (
				22EDDC8E2C7DFDE300750F2A /* WorldTimeService.swift */,
			);
			path = Services;
			sourceTree = "<group>";
		};
		94783472EB47F1D3F80B0830 /* Pods */ = {
			isa = PBXGroup;
			children = (
				68DA4C6266FB7A8600959865 /* Pods-PrivateTalkApp.debug.xcconfig */,
				760FEC05D04C75F691B1D513 /* Pods-PrivateTalkApp.release.xcconfig */,
			);
			path = Pods;
			sourceTree = "<group>";
		};
		B5B052C34F685F0D0E5B3924 /* Frameworks */ = {
			isa = PBXGroup;
			children = (
				9AFCA3F4449B6E8A53D87804 /* Pods_PrivateTalkApp.framework */,
			);
			name = Frameworks;
			sourceTree = "<group>";
		};
/* End PBXGroup section */

/* Begin PBXNativeTarget section */
		22D1BDE02C667A34006AD6D8 /* PrivateTalkApp */ = {
			isa = PBXNativeTarget;
			buildConfigurationList = 22D1BDEF2C667A36006AD6D8 /* Build configuration list for PBXNativeTarget "PrivateTalkApp" */;
			buildPhases = (
				ED1BFCF8B0B9921C436CA073 /* [CP] Check Pods Manifest.lock */,
				22D1BDDD2C667A34006AD6D8 /* Sources */,
				22D1BDDE2C667A34006AD6D8 /* Frameworks */,
				22D1BDDF2C667A34006AD6D8 /* Resources */,
				D56E144405AE8D3CE3BCF9C3 /* [CP] Embed Pods Frameworks */,
			);
			buildRules = (
			);
			dependencies = (
			);
			name = PrivateTalkApp;
			productName = PrivateTalkApp;
			productReference = 22D1BDE12C667A34006AD6D8 /* PrivateTalkApp.app */;
			productType = "com.apple.product-type.application";
		};
/* End PBXNativeTarget section */

/* Begin PBXProject section */
		22D1BDD92C667A34006AD6D8 /* Project object */ = {
			isa = PBXProject;
			attributes = {
				BuildIndependentTargetsInParallel = 1;
				LastSwiftUpdateCheck = 1540;
				LastUpgradeCheck = 1540;
				TargetAttributes = {
					22D1BDE02C667A34006AD6D8 = {
						CreatedOnToolsVersion = 15.4;
					};
				};
			};
			buildConfigurationList = 22D1BDDC2C667A34006AD6D8 /* Build configuration list for PBXProject "PrivateTalkApp" */;
			compatibilityVersion = "Xcode 14.0";
			developmentRegion = en;
			hasScannedForEncodings = 0;
			knownRegions = (
				en,
				Base,
				ja,
			);
			mainGroup = 22D1BDD82C667A34006AD6D8;
			productRefGroup = 22D1BDE22C667A34006AD6D8 /* Products */;
			projectDirPath = "";
			projectRoot = "";
			targets = (
				22D1BDE02C667A34006AD6D8 /* PrivateTalkApp */,
			);
		};
/* End PBXProject section */

/* Begin PBXResourcesBuildPhase section */
		22D1BDDF2C667A34006AD6D8 /* Resources */ = {
			isa = PBXResourcesBuildPhase;
			buildActionMask = 2147483647;
			files = (
				223909802C6E3BF600B4DCFE /* LICENSE.txt in Resources */,
				226D18ED2C7351D80066495A /* Localizable.strings in Resources */,
				22D1BE042C667DFF006AD6D8 /* Colors.xcassets in Resources */,
				22D1BDEC2C667A36006AD6D8 /* Preview Assets.xcassets in Resources */,
				22D1BDE92C667A36006AD6D8 /* Assets.xcassets in Resources */,
			);
			runOnlyForDeploymentPostprocessing = 0;
		};
/* End PBXResourcesBuildPhase section */

/* Begin PBXShellScriptBuildPhase section */
		D56E144405AE8D3CE3BCF9C3 /* [CP] Embed Pods Frameworks */ = {
			isa = PBXShellScriptBuildPhase;
			buildActionMask = 2147483647;
			files = (
			);
			inputFileListPaths = (
				"${PODS_ROOT}/Target Support Files/Pods-PrivateTalkApp/Pods-PrivateTalkApp-frameworks-${CONFIGURATION}-input-files.xcfilelist",
			);
			inputPaths = (
			);
			name = "[CP] Embed Pods Frameworks";
			outputFileListPaths = (
				"${PODS_ROOT}/Target Support Files/Pods-PrivateTalkApp/Pods-PrivateTalkApp-frameworks-${CONFIGURATION}-output-files.xcfilelist",
			);
			runOnlyForDeploymentPostprocessing = 0;
			shellPath = /bin/sh;
			shellScript = "\"${PODS_ROOT}/Target Support Files/Pods-PrivateTalkApp/Pods-PrivateTalkApp-frameworks.sh\"\n";
			showEnvVarsInLog = 0;
		};
		ED1BFCF8B0B9921C436CA073 /* [CP] Check Pods Manifest.lock */ = {
			isa = PBXShellScriptBuildPhase;
			buildActionMask = 2147483647;
			files = (
			);
			inputFileListPaths = (
			);
			inputPaths = (
				"${PODS_PODFILE_DIR_PATH}/Podfile.lock",
				"${PODS_ROOT}/Manifest.lock",
			);
			name = "[CP] Check Pods Manifest.lock";
			outputFileListPaths = (
			);
			outputPaths = (
				"$(DERIVED_FILE_DIR)/Pods-PrivateTalkApp-checkManifestLockResult.txt",
			);
			runOnlyForDeploymentPostprocessing = 0;
			shellPath = /bin/sh;
			shellScript = "diff \"${PODS_PODFILE_DIR_PATH}/Podfile.lock\" \"${PODS_ROOT}/Manifest.lock\" > /dev/null\nif [ $? != 0 ] ; then\n    # print error to STDERR\n    echo \"error: The sandbox is not in sync with the Podfile.lock. Run 'pod install' or update your CocoaPods installation.\" >&2\n    exit 1\nfi\n# This output is used by Xcode 'outputs' to avoid re-running this script phase.\necho \"SUCCESS\" > \"${SCRIPT_OUTPUT_FILE_0}\"\n";
			showEnvVarsInLog = 0;
		};
/* End PBXShellScriptBuildPhase section */

/* Begin PBXSourcesBuildPhase section */
		22D1BDDD2C667A34006AD6D8 /* Sources */ = {
			isa = PBXSourcesBuildPhase;
			buildActionMask = 2147483647;
			files = (
				22EDDC812C7D942400750F2A /* NetworkService.swift in Sources */,
				22D1BDF52C667BA3006AD6D8 /* Tab.swift in Sources */,
				22EDDC862C7DD6C400750F2A /* WorldTimeRepository.swift in Sources */,
				22D1BDF92C667D08006AD6D8 /* HomeView.swift in Sources */,
				22EDDC8F2C7DFDE300750F2A /* WorldTimeService.swift in Sources */,
				22EDDC882C7DEE3800750F2A /* WorldTimeResponse.swift in Sources */,
				22E19FF02C6F517700C4051F /* CalendarView.swift in Sources */,
				22D1BDE72C667A34006AD6D8 /* TabBarView.swift in Sources */,
				2251FD762C9E8A6B0005714E /* Logger.swift in Sources */,
				22EBB41B2C76DC8500AB7019 /* CalendarViewModel.swift in Sources */,
				22B817842C7F5A200085D27B /* CalendarModel.swift in Sources */,
				222BDF962C6DE92200638D4A /* NewsView.swift in Sources */,
				2224E1B72C75DC2B0099C855 /* StringExtension.swift in Sources */,
				22D1BE012C667D80006AD6D8 /* SettingView.swift in Sources */,
				22D1BDFD2C667D5B006AD6D8 /* TalkView.swift in Sources */,
				22EBB41D2C772B2D00AB7019 /* DateUtilities.swift in Sources */,
				22D1BDE52C667A34006AD6D8 /* PrivateTalkAppApp.swift in Sources */,
				22B1DCA22C9FEEC100E1019F /* EventSheetView.swift in Sources */,
			);
			runOnlyForDeploymentPostprocessing = 0;
		};
/* End PBXSourcesBuildPhase section */

/* Begin PBXVariantGroup section */
		226D18EB2C7351D80066495A /* Localizable.strings */ = {
			isa = PBXVariantGroup;
			children = (
				226D18EC2C7351D80066495A /* en */,
				226D18EE2C7351DE0066495A /* ja */,
			);
			name = Localizable.strings;
			sourceTree = "<group>";
		};
/* End PBXVariantGroup section */

/* Begin XCBuildConfiguration section */
		22D1BDED2C667A36006AD6D8 /* Debug */ = {
			isa = XCBuildConfiguration;
			buildSettings = {
				ALWAYS_SEARCH_USER_PATHS = NO;
				ASSETCATALOG_COMPILER_GENERATE_SWIFT_ASSET_SYMBOL_EXTENSIONS = YES;
				CLANG_ANALYZER_LOCALIZABILITY_NONLOCALIZED = YES;
				CLANG_ANALYZER_NONNULL = YES;
				CLANG_ANALYZER_NUMBER_OBJECT_CONVERSION = YES_AGGRESSIVE;
				CLANG_CXX_LANGUAGE_STANDARD = "gnu++20";
				CLANG_ENABLE_MODULES = YES;
				CLANG_ENABLE_OBJC_ARC = YES;
				CLANG_ENABLE_OBJC_WEAK = YES;
				CLANG_WARN_BLOCK_CAPTURE_AUTORELEASING = YES;
				CLANG_WARN_BOOL_CONVERSION = YES;
				CLANG_WARN_COMMA = YES;
				CLANG_WARN_CONSTANT_CONVERSION = YES;
				CLANG_WARN_DEPRECATED_OBJC_IMPLEMENTATIONS = YES;
				CLANG_WARN_DIRECT_OBJC_ISA_USAGE = YES_ERROR;
				CLANG_WARN_DOCUMENTATION_COMMENTS = YES;
				CLANG_WARN_EMPTY_BODY = YES;
				CLANG_WARN_ENUM_CONVERSION = YES;
				CLANG_WARN_INFINITE_RECURSION = YES;
				CLANG_WARN_INT_CONVERSION = YES;
				CLANG_WARN_NON_LITERAL_NULL_CONVERSION = YES;
				CLANG_WARN_OBJC_IMPLICIT_RETAIN_SELF = YES;
				CLANG_WARN_OBJC_LITERAL_CONVERSION = YES;
				CLANG_WARN_OBJC_ROOT_CLASS = YES_ERROR;
				CLANG_WARN_QUOTED_INCLUDE_IN_FRAMEWORK_HEADER = YES;
				CLANG_WARN_RANGE_LOOP_ANALYSIS = YES;
				CLANG_WARN_STRICT_PROTOTYPES = YES;
				CLANG_WARN_SUSPICIOUS_MOVE = YES;
				CLANG_WARN_UNGUARDED_AVAILABILITY = YES_AGGRESSIVE;
				CLANG_WARN_UNREACHABLE_CODE = YES;
				CLANG_WARN__DUPLICATE_METHOD_MATCH = YES;
				COPY_PHASE_STRIP = NO;
				DEBUG_INFORMATION_FORMAT = dwarf;
				ENABLE_STRICT_OBJC_MSGSEND = YES;
				ENABLE_TESTABILITY = YES;
				ENABLE_USER_SCRIPT_SANDBOXING = YES;
				GCC_C_LANGUAGE_STANDARD = gnu17;
				GCC_DYNAMIC_NO_PIC = NO;
				GCC_NO_COMMON_BLOCKS = YES;
				GCC_OPTIMIZATION_LEVEL = 0;
				GCC_PREPROCESSOR_DEFINITIONS = (
					"DEBUG=1",
					"$(inherited)",
				);
				GCC_WARN_64_TO_32_BIT_CONVERSION = YES;
				GCC_WARN_ABOUT_RETURN_TYPE = YES_ERROR;
				GCC_WARN_UNDECLARED_SELECTOR = YES;
				GCC_WARN_UNINITIALIZED_AUTOS = YES_AGGRESSIVE;
				GCC_WARN_UNUSED_FUNCTION = YES;
				GCC_WARN_UNUSED_VARIABLE = YES;
				IPHONEOS_DEPLOYMENT_TARGET = 16.0;
				LOCALIZATION_PREFERS_STRING_CATALOGS = YES;
				MTL_ENABLE_DEBUG_INFO = INCLUDE_SOURCE;
				MTL_FAST_MATH = YES;
				ONLY_ACTIVE_ARCH = YES;
				SDKROOT = iphoneos;
				SWIFT_ACTIVE_COMPILATION_CONDITIONS = "DEBUG $(inherited)";
				SWIFT_OPTIMIZATION_LEVEL = "-Onone";
			};
			name = Debug;
		};
		22D1BDEE2C667A36006AD6D8 /* Release */ = {
			isa = XCBuildConfiguration;
			buildSettings = {
				ALWAYS_SEARCH_USER_PATHS = NO;
				ASSETCATALOG_COMPILER_GENERATE_SWIFT_ASSET_SYMBOL_EXTENSIONS = YES;
				CLANG_ANALYZER_LOCALIZABILITY_NONLOCALIZED = YES;
				CLANG_ANALYZER_NONNULL = YES;
				CLANG_ANALYZER_NUMBER_OBJECT_CONVERSION = YES_AGGRESSIVE;
				CLANG_CXX_LANGUAGE_STANDARD = "gnu++20";
				CLANG_ENABLE_MODULES = YES;
				CLANG_ENABLE_OBJC_ARC = YES;
				CLANG_ENABLE_OBJC_WEAK = YES;
				CLANG_WARN_BLOCK_CAPTURE_AUTORELEASING = YES;
				CLANG_WARN_BOOL_CONVERSION = YES;
				CLANG_WARN_COMMA = YES;
				CLANG_WARN_CONSTANT_CONVERSION = YES;
				CLANG_WARN_DEPRECATED_OBJC_IMPLEMENTATIONS = YES;
				CLANG_WARN_DIRECT_OBJC_ISA_USAGE = YES_ERROR;
				CLANG_WARN_DOCUMENTATION_COMMENTS = YES;
				CLANG_WARN_EMPTY_BODY = YES;
				CLANG_WARN_ENUM_CONVERSION = YES;
				CLANG_WARN_INFINITE_RECURSION = YES;
				CLANG_WARN_INT_CONVERSION = YES;
				CLANG_WARN_NON_LITERAL_NULL_CONVERSION = YES;
				CLANG_WARN_OBJC_IMPLICIT_RETAIN_SELF = YES;
				CLANG_WARN_OBJC_LITERAL_CONVERSION = YES;
				CLANG_WARN_OBJC_ROOT_CLASS = YES_ERROR;
				CLANG_WARN_QUOTED_INCLUDE_IN_FRAMEWORK_HEADER = YES;
				CLANG_WARN_RANGE_LOOP_ANALYSIS = YES;
				CLANG_WARN_STRICT_PROTOTYPES = YES;
				CLANG_WARN_SUSPICIOUS_MOVE = YES;
				CLANG_WARN_UNGUARDED_AVAILABILITY = YES_AGGRESSIVE;
				CLANG_WARN_UNREACHABLE_CODE = YES;
				CLANG_WARN__DUPLICATE_METHOD_MATCH = YES;
				COPY_PHASE_STRIP = NO;
				DEBUG_INFORMATION_FORMAT = "dwarf-with-dsym";
				ENABLE_NS_ASSERTIONS = NO;
				ENABLE_STRICT_OBJC_MSGSEND = YES;
				ENABLE_USER_SCRIPT_SANDBOXING = YES;
				GCC_C_LANGUAGE_STANDARD = gnu17;
				GCC_NO_COMMON_BLOCKS = YES;
				GCC_WARN_64_TO_32_BIT_CONVERSION = YES;
				GCC_WARN_ABOUT_RETURN_TYPE = YES_ERROR;
				GCC_WARN_UNDECLARED_SELECTOR = YES;
				GCC_WARN_UNINITIALIZED_AUTOS = YES_AGGRESSIVE;
				GCC_WARN_UNUSED_FUNCTION = YES;
				GCC_WARN_UNUSED_VARIABLE = YES;
				IPHONEOS_DEPLOYMENT_TARGET = 16.0;
				LOCALIZATION_PREFERS_STRING_CATALOGS = YES;
				MTL_ENABLE_DEBUG_INFO = NO;
				MTL_FAST_MATH = YES;
				SDKROOT = iphoneos;
				SWIFT_COMPILATION_MODE = wholemodule;
				VALIDATE_PRODUCT = YES;
			};
			name = Release;
		};
		22D1BDF02C667A36006AD6D8 /* Debug */ = {
			isa = XCBuildConfiguration;
			baseConfigurationReference = 68DA4C6266FB7A8600959865 /* Pods-PrivateTalkApp.debug.xcconfig */;
			buildSettings = {
				ASSETCATALOG_COMPILER_APPICON_NAME = AppIcon;
				ASSETCATALOG_COMPILER_GLOBAL_ACCENT_COLOR_NAME = AccentColor;
				CODE_SIGN_ENTITLEMENTS = "$(SRCROOT)/Supporting Files/Entitlements.plist";
				CODE_SIGN_STYLE = Automatic;
				CURRENT_PROJECT_VERSION = 1;
				DEVELOPMENT_ASSET_PATHS = "\"PrivateTalkApp/Preview Content\"";
				DEVELOPMENT_TEAM = Z898T9VB4G;
				ENABLE_PREVIEWS = YES;
				ENABLE_USER_SCRIPT_SANDBOXING = NO;
				GENERATE_INFOPLIST_FILE = YES;
				INFOPLIST_KEY_UIApplicationSceneManifest_Generation = YES;
				INFOPLIST_KEY_UIApplicationSupportsIndirectInputEvents = YES;
				INFOPLIST_KEY_UILaunchScreen_Generation = YES;
				INFOPLIST_KEY_UISupportedInterfaceOrientations_iPad = "UIInterfaceOrientationPortrait UIInterfaceOrientationPortraitUpsideDown UIInterfaceOrientationLandscapeLeft UIInterfaceOrientationLandscapeRight";
				INFOPLIST_KEY_UISupportedInterfaceOrientations_iPhone = "UIInterfaceOrientationPortrait UIInterfaceOrientationLandscapeLeft UIInterfaceOrientationLandscapeRight";
				IPHONEOS_DEPLOYMENT_TARGET = 16.0;
				LD_RUNPATH_SEARCH_PATHS = (
					"$(inherited)",
					"@executable_path/Frameworks",
				);
				MARKETING_VERSION = 1.0;
				PRODUCT_BUNDLE_IDENTIFIER = com.tokoko.PrivateTalkApp;
				PRODUCT_NAME = "$(TARGET_NAME)";
				SWIFT_EMIT_LOC_STRINGS = YES;
				SWIFT_VERSION = 5.0;
				TARGETED_DEVICE_FAMILY = "1,2";
			};
			name = Debug;
		};
		22D1BDF12C667A36006AD6D8 /* Release */ = {
			isa = XCBuildConfiguration;
			baseConfigurationReference = 760FEC05D04C75F691B1D513 /* Pods-PrivateTalkApp.release.xcconfig */;
			buildSettings = {
				ASSETCATALOG_COMPILER_APPICON_NAME = AppIcon;
				ASSETCATALOG_COMPILER_GLOBAL_ACCENT_COLOR_NAME = AccentColor;
				CODE_SIGN_ENTITLEMENTS = "$(SRCROOT)/Supporting Files/Entitlements.plist";
				CODE_SIGN_STYLE = Automatic;
				CURRENT_PROJECT_VERSION = 1;
				DEVELOPMENT_ASSET_PATHS = "\"PrivateTalkApp/Preview Content\"";
				DEVELOPMENT_TEAM = Z898T9VB4G;
				ENABLE_PREVIEWS = YES;
				ENABLE_USER_SCRIPT_SANDBOXING = NO;
				GENERATE_INFOPLIST_FILE = YES;
				INFOPLIST_KEY_UIApplicationSceneManifest_Generation = YES;
				INFOPLIST_KEY_UIApplicationSupportsIndirectInputEvents = YES;
				INFOPLIST_KEY_UILaunchScreen_Generation = YES;
				INFOPLIST_KEY_UISupportedInterfaceOrientations_iPad = "UIInterfaceOrientationPortrait UIInterfaceOrientationPortraitUpsideDown UIInterfaceOrientationLandscapeLeft UIInterfaceOrientationLandscapeRight";
				INFOPLIST_KEY_UISupportedInterfaceOrientations_iPhone = "UIInterfaceOrientationPortrait UIInterfaceOrientationLandscapeLeft UIInterfaceOrientationLandscapeRight";
				IPHONEOS_DEPLOYMENT_TARGET = 16.0;
				LD_RUNPATH_SEARCH_PATHS = (
					"$(inherited)",
					"@executable_path/Frameworks",
				);
				MARKETING_VERSION = 1.0;
				PRODUCT_BUNDLE_IDENTIFIER = com.tokoko.PrivateTalkApp;
				PRODUCT_NAME = "$(TARGET_NAME)";
				SWIFT_EMIT_LOC_STRINGS = YES;
				SWIFT_VERSION = 5.0;
				TARGETED_DEVICE_FAMILY = "1,2";
			};
			name = Release;
		};
/* End XCBuildConfiguration section */

/* Begin XCConfigurationList section */
		22D1BDDC2C667A34006AD6D8 /* Build configuration list for PBXProject "PrivateTalkApp" */ = {
			isa = XCConfigurationList;
			buildConfigurations = (
				22D1BDED2C667A36006AD6D8 /* Debug */,
				22D1BDEE2C667A36006AD6D8 /* Release */,
			);
			defaultConfigurationIsVisible = 0;
			defaultConfigurationName = Release;
		};
		22D1BDEF2C667A36006AD6D8 /* Build configuration list for PBXNativeTarget "PrivateTalkApp" */ = {
			isa = XCConfigurationList;
			buildConfigurations = (
				22D1BDF02C667A36006AD6D8 /* Debug */,
				22D1BDF12C667A36006AD6D8 /* Release */,
			);
			defaultConfigurationIsVisible = 0;
			defaultConfigurationName = Release;
		};
/* End XCConfigurationList section */
	};
	rootObject = 22D1BDD92C667A34006AD6D8 /* Project object */;
}
